PODS:
  - BigInt (3.1.0):
    - SipHash (~> 1.2)
  - CKMnemonic (0.1.7):
    - CryptoSwift
  - Crashlytics (3.12.0):
    - Fabric (~> 1.9.0)
  - CryptoSwift (0.14.0)
  - Fabric (1.9.0)
  - PromiseKit (6.8.3):
    - PromiseKit/CorePromise (= 6.8.3)
    - PromiseKit/Foundation (= 6.8.3)
    - PromiseKit/UIKit (= 6.8.3)
  - PromiseKit/CorePromise (6.8.3)
  - PromiseKit/Foundation (6.8.3):
    - PromiseKit/CorePromise
  - PromiseKit/UIKit (6.8.3):
    - PromiseKit/CorePromise
  - secp256k1.swift (0.1.4)
  - SipHash (1.2.2)
  - TesSDK (0.0.1):
    - CKMnemonic (~> 0.1)
    - PromiseKit (~> 6.8)
    - Web3
    - Web3/PromiseKit
  - Web3 (0.3.1):
    - Web3/Core (= 0.3.1)
    - Web3/HTTPExtension (= 0.3.1)
  - Web3/Core (0.3.1):
    - BigInt (~> 3.1)
    - CryptoSwift (~> 0.8)
    - secp256k1.swift (~> 0.1)
  - Web3/HTTPExtension (0.3.1):
    - Web3/Core
  - Web3/PromiseKit (0.3.1):
    - PromiseKit/CorePromise (~> 6.0)
    - Web3/Core

DEPENDENCIES:
  - Crashlytics
  - Fabric
  - TesSDK (from `../`)
  - Web3 (from `https://github.com/crossroadlabs/Web3.swift.git`, branch `master`)
  - Web3/PromiseKit (from `https://github.com/crossroadlabs/Web3.swift.git`, branch `master`)

SPEC REPOS:
  https://github.com/cocoapods/specs.git:
    - BigInt
    - CKMnemonic
    - Crashlytics
    - CryptoSwift
    - Fabric
    - PromiseKit
    - secp256k1.swift
    - SipHash

EXTERNAL SOURCES:
  TesSDK:
    :path: "../"
  Web3:
    :branch: master
    :git: https://github.com/crossroadlabs/Web3.swift.git

CHECKOUT OPTIONS:
  Web3:
    :commit: 74fc5e12388e0e72e37f012d21351d112f84009b
    :git: https://github.com/crossroadlabs/Web3.swift.git

SPEC CHECKSUMS:
  BigInt: 76b5dfdfa3e2e478d4ffdf161aeede5502e2742f
  CKMnemonic: 88e745afffea6f3c719c799d9869a2ea5eb9f08b
  Crashlytics: 07fb167b1694128c1c9a5a5cc319b0e9c3ca0933
  CryptoSwift: 35a10419f4dbf0619c13f8c1c180037e115323fa
  Fabric: f988e33c97f08930a413e08123064d2e5f68d655
  PromiseKit: 94c6e781838c5bf4717677d0d882b0e7250c80fc
  secp256k1.swift: a7e7a214f6db6ce5db32cc6b2b45e5c4dd633634
  SipHash: fad90a4683e420c52ef28063063dbbce248ea6d4
  TesSDK: 02ab55d810b893bde55ce8a22ae6700638ab288c
  Web3: e9be7ef88585e252df50abc28538d6e4691c786e

PODFILE CHECKSUM: d42a28b3a735c6235ad149728ba6d7f5d4070900

COCOAPODS: 1.6.1
