PODS:
  - BigInt (4.0.0)
  - Bond (7.5.0):
    - Differ (~> 1.3)
    - ReactiveKit (~> 3.10)
  - CryptoSwift (1.0.0)
  - Differ (1.4.1)
  - PromiseKit (6.8.4):
    - PromiseKit/CorePromise (= 6.8.4)
    - PromiseKit/Foundation (= 6.8.4)
    - PromiseKit/UIKit (= 6.8.4)
  - PromiseKit/CorePromise (6.8.4)
  - PromiseKit/Foundation (6.8.4):
    - PromiseKit/CorePromise
  - PromiseKit/UIKit (6.8.4):
    - PromiseKit/CorePromise
  - ReactiveKit (3.12.0)
  - Serializable.swift (0.1.5)
  - SnapKit (5.0.0)
  - SQLite.swift (0.12.0):
    - SQLite.swift/standard (= 0.12.0)
  - SQLite.swift/standard (0.12.0)
  - SQLiteMigrationManager.swift (0.7.0):
    - SQLite.swift (~> 0.12.0)
  - Tesseract.EthereumTypes (0.1.9):
    - BigInt (~> 4.0)
    - CryptoSwift (~> 1.0)
    - Serializable.swift (~> 0.1)
  - Tesseract.EthereumWeb3/Core (0.1.3):
    - Tesseract.EthereumTypes (~> 0.1)
  - Tesseract.EthereumWeb3/PromiseKit (0.1.3):
    - PromiseKit/CorePromise (~> 6.8)
    - Tesseract.EthereumWeb3/Core
  - Tesseract.OpenWallet/Core (0.1.5)
  - Tesseract.OpenWallet/Ethereum.Core (0.1.5):
    - Serializable.swift (~> 0.1)
    - Tesseract.EthereumTypes (~> 0.1)
    - Tesseract.OpenWallet/Core
  - Tesseract.OpenWallet/Wallet (0.1.5):
    - Tesseract.OpenWallet/Core
  - Tesseract.OpenWallet/Wallet.Ethereum (0.1.5):
    - Tesseract.OpenWallet/Ethereum.Core
    - Tesseract.OpenWallet/Wallet
  - Tesseract.Wallet/Core (0.1.4):
    - Serializable.swift (~> 0.1)
    - SQLite.swift (~> 0.12.0)
    - SQLiteMigrationManager.swift (~> 0.7.0)
  - Tesseract.Wallet/Ethereum (0.1.4):
    - Tesseract.EthereumTypes (~> 0.1)
    - Tesseract.Wallet/Core
  - Tesseract.Wallet/PromiseKit (0.1.4):
    - PromiseKit/CorePromise (~> 6.8.0)
    - Tesseract.Wallet/Core

DEPENDENCIES:
  - Bond (~> 7.5)
  - PromiseKit (~> 6.8)
  - ReactiveKit (~> 3.12)
  - SnapKit (~> 5.0)
  - Tesseract.EthereumWeb3/PromiseKit (~> 0.1)
  - Tesseract.OpenWallet/Wallet.Ethereum (from `https://github.com/tesseract-one/OpenWallet.swift`, branch `master`)
  - Tesseract.Wallet/Ethereum (~> 0.1)
  - Tesseract.Wallet/PromiseKit (~> 0.1)

SPEC REPOS:
  https://github.com/cocoapods/specs.git:
    - BigInt
    - Bond
    - CryptoSwift
    - Differ
    - PromiseKit
    - ReactiveKit
    - Serializable.swift
    - SnapKit
    - SQLite.swift
    - SQLiteMigrationManager.swift
    - Tesseract.EthereumTypes
    - Tesseract.EthereumWeb3
    - Tesseract.Wallet

EXTERNAL SOURCES:
  Tesseract.OpenWallet:
    :branch: master
    :git: https://github.com/tesseract-one/OpenWallet.swift

CHECKOUT OPTIONS:
  Tesseract.OpenWallet:
    :commit: ac9dc8e9c6529f0e154d1f0abf0b24e4cc4fe0da
    :git: https://github.com/tesseract-one/OpenWallet.swift

SPEC CHECKSUMS:
  BigInt: 2aad1a9942dc932ec8b84290d2c564a3d76f97ab
  Bond: 6abbc33a4cf88e65a0f8b1ba8276ac34584ad897
  CryptoSwift: d81eeaa59dc5a8d03720fe919a6fd07b51f7439f
  Differ: ca4350872e32a1aeedf3d9e2d9e47127833bfa9c
  PromiseKit: 51794a832647e7b819336dc2279039ce9f1cc49b
  ReactiveKit: 7634cc10d9fb8791f9a87bf60c283fb420db3184
  Serializable.swift: 0e607d290da30d36e4cebb41e12c9923806331e1
  SnapKit: fd22d10eb9aff484d79a8724eab922c1ddf89bcf
  SQLite.swift: 7cad9db150a03716336e69469ec9559c85aece5b
  SQLiteMigrationManager.swift: 2dd6f760d6e53f666176346436c689e55a608f7a
  Tesseract.EthereumTypes: 3835ac8935fe817f9048512d44e31d3ea3fcc9ef
  Tesseract.EthereumWeb3: 127908917ea7af7bcbc4ef4ae8700032af208768
  Tesseract.OpenWallet: 753ddf5141c30d462f53b921c5f04c6cf35ace8a
  Tesseract.Wallet: db0a1b48a5129487297ce34812f706a07686b5bd

PODFILE CHECKSUM: 21baaf56cb7f1ffdc61bbf35042a6640ceec7277

COCOAPODS: 1.7.0
