PODS:
  - BigInt (4.0.0)
  - Bond (7.6.0):
    - Differ (~> 1.3)
    - ReactiveKit (~> 3.10)
  - CryptoSwift (1.0.0)
  - Differ (1.4.3)
  - PromiseKit (6.8.5):
    - PromiseKit/CorePromise (= 6.8.5)
    - PromiseKit/Foundation (= 6.8.5)
    - PromiseKit/UIKit (= 6.8.5)
  - PromiseKit/CorePromise (6.8.5)
  - PromiseKit/Foundation (6.8.5):
    - PromiseKit/CorePromise
  - PromiseKit/UIKit (6.8.5):
    - PromiseKit/CorePromise
  - ReactiveKit (3.13.0)
  - Serializable.swift (0.1.5)
  - SnapKit (5.0.0)
  - SQLite.swift (0.12.2):
    - SQLite.swift/standard (= 0.12.2)
  - SQLite.swift/standard (0.12.2)
  - SQLiteMigrationManager.swift (0.7.0):
    - SQLite.swift (~> 0.12.0)
  - Tesseract.EthereumTypes (0.1.9):
    - BigInt (~> 4.0)
    - CryptoSwift (~> 1.0)
    - Serializable.swift (~> 0.1)
  - Tesseract.EthereumWeb3/Core (0.1.6):
    - Tesseract.EthereumTypes (~> 0.1)
  - Tesseract.EthereumWeb3/PromiseKit (0.1.6):
    - PromiseKit/CorePromise (~> 6.8)
    - Tesseract.EthereumWeb3/Core
  - Tesseract.OpenWallet/Core (0.1.7)
  - Tesseract.OpenWallet/Ethereum.Core (0.1.7):
    - Serializable.swift (~> 0.1)
    - Tesseract.EthereumTypes (~> 0.1)
    - Tesseract.OpenWallet/Core
  - Tesseract.OpenWallet/Wallet (0.1.7):
    - Tesseract.OpenWallet/Core
  - Tesseract.OpenWallet/Wallet.Ethereum (0.1.7):
    - Tesseract.OpenWallet/Ethereum.Core
    - Tesseract.OpenWallet/Wallet
  - Tesseract.Wallet/Core (0.1.6):
    - Serializable.swift (~> 0.1)
    - SQLite.swift (~> 0.12.0)
    - SQLiteMigrationManager.swift (~> 0.7.0)
  - Tesseract.Wallet/Ethereum (0.1.6):
    - Tesseract.EthereumTypes (~> 0.1)
    - Tesseract.Wallet/Core
  - Tesseract.Wallet/PromiseKit (0.1.6):
    - PromiseKit/CorePromise (~> 6.8.0)
    - Tesseract.Wallet/Core

DEPENDENCIES:
  - Bond (~> 7.6)
  - PromiseKit (~> 6.8)
  - ReactiveKit (~> 3.13)
  - SnapKit (~> 5.0)
  - Tesseract.EthereumWeb3/PromiseKit (~> 0.1)
  - Tesseract.OpenWallet/Wallet.Ethereum (~> 0.1)
  - Tesseract.Wallet/Ethereum (~> 0.1)
  - Tesseract.Wallet/PromiseKit (~> 0.1)

SPEC REPOS:
  https://github.com/cocoapods/specs.git:
    - BigInt
    - Bond
    - CryptoSwift
    - Differ
    - PromiseKit
    - ReactiveKit
    - Serializable.swift
    - SnapKit
    - SQLite.swift
    - SQLiteMigrationManager.swift
    - Tesseract.EthereumTypes
    - Tesseract.EthereumWeb3
    - Tesseract.OpenWallet
    - Tesseract.Wallet

SPEC CHECKSUMS:
  BigInt: 2aad1a9942dc932ec8b84290d2c564a3d76f97ab
  Bond: 5d626bfbbfc60b213ec35badb8f4fd81beff6a5f
  CryptoSwift: d81eeaa59dc5a8d03720fe919a6fd07b51f7439f
  Differ: 6c7477d6187e8c36d02ec342a3c321061b85a0ea
  PromiseKit: 9616b0afef31eae56ab9ce044c8ec2b8612a15cd
  ReactiveKit: 4a938b0671b0b068232926a443da19d535a03023
  Serializable.swift: 0e607d290da30d36e4cebb41e12c9923806331e1
  SnapKit: fd22d10eb9aff484d79a8724eab922c1ddf89bcf
  SQLite.swift: d2b4642190917051ce6bd1d49aab565fe794eea3
  SQLiteMigrationManager.swift: 2dd6f760d6e53f666176346436c689e55a608f7a
  Tesseract.EthereumTypes: 3835ac8935fe817f9048512d44e31d3ea3fcc9ef
  Tesseract.EthereumWeb3: 94bd4649d35d8669a84d4b4806765027679874c8
  Tesseract.OpenWallet: 63c6b6d51d6d2c877a39437dfec374886e590583
  Tesseract.Wallet: aab8c396649e8f00703d8548f626c5f872e25ad2

PODFILE CHECKSUM: cdf824ec8d1e1a7c580722dbcf64a520dbdb61b2

COCOAPODS: 1.7.3
