PODS:
  - BigInt (4.0.0)
  - Bond (7.5.0):
    - Differ (~> 1.3)
    - ReactiveKit (~> 3.10)
  - CryptoSwift (1.0.0)
  - Differ (1.4.1)
  - PromiseKit (6.8.4):
    - PromiseKit/CorePromise (= 6.8.4)
    - PromiseKit/Foundation (= 6.8.4)
    - PromiseKit/UIKit (= 6.8.4)
  - PromiseKit/CorePromise (6.8.4)
  - PromiseKit/Foundation (6.8.4):
    - PromiseKit/CorePromise
  - PromiseKit/UIKit (6.8.4):
    - PromiseKit/CorePromise
  - ReactiveKit (3.12.0)
  - secp256k1.swift (0.1.4)
  - Serializable.swift (0.1.1)
  - SnapKit (5.0.0)
  - SQLite.swift (0.12.0):
    - SQLite.swift/standard (= 0.12.0)
  - SQLite.swift/standard (0.12.0)
  - SQLiteMigrationManager.swift (0.7.0):
    - SQLite.swift (~> 0.12.0)
  - Tesseract.EthereumTypes (0.1.5):
    - BigInt (~> 4.0)
    - CryptoSwift (~> 1.0)
    - Serializable.swift (~> 0.1)
  - Tesseract.EthereumWeb3/Core (0.1.0):
    - Tesseract.EthereumTypes (~> 0.1)
    - Web3 (~> 0.3.1)
    - Web3/ContractABI (~> 0.3.1)
  - Tesseract.EthereumWeb3/PromiseKit (0.1.0):
    - Tesseract.EthereumWeb3/Core
    - Web3/PromiseKit (~> 0.3.1)
  - Tesseract.OpenWallet/Core (0.1.3)
  - Tesseract.OpenWallet/Ethereum.Core (0.1.3):
    - Serializable.swift (~> 0.1)
    - Tesseract.EthereumTypes (~> 0.1)
    - Tesseract.OpenWallet/Core
  - Tesseract.OpenWallet/Wallet (0.1.3):
    - Tesseract.OpenWallet/Core
  - Tesseract.OpenWallet/Wallet.Ethereum (0.1.3):
    - Tesseract.OpenWallet/Ethereum.Core
    - Tesseract.OpenWallet/Wallet
  - Tesseract.Wallet/Core (0.1.2):
    - Serializable.swift (~> 0.1)
    - SQLite.swift (~> 0.12.0)
    - SQLiteMigrationManager.swift (~> 0.7.0)
  - Tesseract.Wallet/Ethereum (0.1.2):
    - Tesseract.EthereumTypes (~> 0.1)
    - Tesseract.Wallet/Core
  - Tesseract.Wallet/PromiseKit (0.1.2):
    - PromiseKit/CorePromise (~> 6.8.0)
    - Tesseract.Wallet/Core
  - Web3 (0.3.1):
    - Web3/Core (= 0.3.1)
    - Web3/HTTPExtension (= 0.3.1)
  - Web3/ContractABI (0.3.1):
    - Web3/Core
  - Web3/Core (0.3.1):
    - BigInt (~> 4.0)
    - CryptoSwift (~> 1.0)
    - secp256k1.swift (~> 0.1)
  - Web3/HTTPExtension (0.3.1):
    - Web3/Core
  - Web3/PromiseKit (0.3.1):
    - PromiseKit/CorePromise (~> 6.0)
    - Web3/Core

DEPENDENCIES:
  - Bond (~> 7.5)
  - PromiseKit (~> 6.8)
  - ReactiveKit (~> 3.12)
  - SnapKit (~> 5.0)
  - Tesseract.EthereumWeb3/PromiseKit (from `https://github.com/tesseract-one/EthereumWeb3.swift.git`, branch `master`)
  - Tesseract.OpenWallet/Wallet.Ethereum (~> 0.1)
  - Tesseract.Wallet/Ethereum (~> 0.1)
  - Tesseract.Wallet/PromiseKit (~> 0.1)
  - Web3 (from `https://github.com/tesseract-one/Web3.swift.git`, branch `master`)

SPEC REPOS:
  https://github.com/cocoapods/specs.git:
    - BigInt
    - Bond
    - CryptoSwift
    - Differ
    - PromiseKit
    - ReactiveKit
    - secp256k1.swift
    - Serializable.swift
    - SnapKit
    - SQLite.swift
    - SQLiteMigrationManager.swift
    - Tesseract.EthereumTypes
    - Tesseract.OpenWallet
    - Tesseract.Wallet

EXTERNAL SOURCES:
  Tesseract.EthereumWeb3:
    :branch: master
    :git: https://github.com/tesseract-one/EthereumWeb3.swift.git
  Web3:
    :branch: master
    :git: https://github.com/tesseract-one/Web3.swift.git

CHECKOUT OPTIONS:
  Tesseract.EthereumWeb3:
    :commit: 9bdcc50ee449f032840dfab977e163dac14e03f4
    :git: https://github.com/tesseract-one/EthereumWeb3.swift.git
  Web3:
    :commit: 82dde998de4a12ca19cc257cb3b7f860040db705
    :git: https://github.com/tesseract-one/Web3.swift.git

SPEC CHECKSUMS:
  BigInt: 2aad1a9942dc932ec8b84290d2c564a3d76f97ab
  Bond: 6abbc33a4cf88e65a0f8b1ba8276ac34584ad897
  CryptoSwift: d81eeaa59dc5a8d03720fe919a6fd07b51f7439f
  Differ: ca4350872e32a1aeedf3d9e2d9e47127833bfa9c
  PromiseKit: 51794a832647e7b819336dc2279039ce9f1cc49b
  ReactiveKit: 7634cc10d9fb8791f9a87bf60c283fb420db3184
  secp256k1.swift: a7e7a214f6db6ce5db32cc6b2b45e5c4dd633634
  Serializable.swift: 46a21fd252974669c1416edf741db56206fabd8b
  SnapKit: fd22d10eb9aff484d79a8724eab922c1ddf89bcf
  SQLite.swift: 7cad9db150a03716336e69469ec9559c85aece5b
  SQLiteMigrationManager.swift: 2dd6f760d6e53f666176346436c689e55a608f7a
  Tesseract.EthereumTypes: 98d0a6341a36ff27874b3445a0ef8d9052f26724
  Tesseract.EthereumWeb3: 6711224fd8880c561a26c8b04e077612bb67d39d
  Tesseract.OpenWallet: f267bfb6926a98004888314d15f5df8dc9d297a0
  Tesseract.Wallet: 19b592797bbfbb73435adec87565745ca5268e13
  Web3: dbfb28278f2c87c8de8e7b87a2e24fd038db0926

PODFILE CHECKSUM: 8bb8e05fe3326ce858f262232ef3079bec1b7c9c

COCOAPODS: 1.6.1
