// !$*UTF8*$!
{
	archiveVersion = 1;
	classes = {
	};
	objectVersion = 50;
	objects = {

/* Begin PBXBuildFile section */
		922CA49121945F1F00FE66F1 /* AppDelegate.swift in Sources */ = {isa = PBXBuildFile; fileRef = 922CA49021945F1F00FE66F1 /* AppDelegate.swift */; };
		922CA49321945F1F00FE66F1 /* FirstViewController.swift in Sources */ = {isa = PBXBuildFile; fileRef = 922CA49221945F1F00FE66F1 /* FirstViewController.swift */; };
		922CA49521945F1F00FE66F1 /* SecondViewController.swift in Sources */ = {isa = PBXBuildFile; fileRef = 922CA49421945F1F00FE66F1 /* SecondViewController.swift */; };
		922CA49821945F1F00FE66F1 /* Main.storyboard in Resources */ = {isa = PBXBuildFile; fileRef = 922CA49621945F1F00FE66F1 /* Main.storyboard */; };
		922CA49D21945F2100FE66F1 /* LaunchScreen.storyboard in Resources */ = {isa = PBXBuildFile; fileRef = 922CA49B21945F2100FE66F1 /* LaunchScreen.storyboard */; };
		922CA4A821945F2100FE66F1 /* TesseractTests.swift in Sources */ = {isa = PBXBuildFile; fileRef = 922CA4A721945F2100FE66F1 /* TesseractTests.swift */; };
		922CA4B321945F2100FE66F1 /* TesseractUITests.swift in Sources */ = {isa = PBXBuildFile; fileRef = 922CA4B221945F2100FE66F1 /* TesseractUITests.swift */; };
		99CE954A9C34CCB4F6A6FE02 /* Pods_Tesseract.framework in Frameworks */ = {isa = PBXBuildFile; fileRef = 6A29D766B309DDF470F4EBEE /* Pods_Tesseract.framework */; };
		D11A41A821A47E0300FF2620 /* KeyboardScrollViewToTop.swift in Sources */ = {isa = PBXBuildFile; fileRef = D11A41A721A47E0300FF2620 /* KeyboardScrollViewToTop.swift */; };
		D122E99A21A417BE004B2AA7 /* NextResponderTextView.swift in Sources */ = {isa = PBXBuildFile; fileRef = D122E99921A417BE004B2AA7 /* NextResponderTextView.swift */; };
		D14B5F282199ABF5006F387E /* NextResponderTextField.swift in Sources */ = {isa = PBXBuildFile; fileRef = D14B5F272199ABF5006F387E /* NextResponderTextField.swift */; };
		D14B5F2A2199B75D006F387E /* BorderedButton.swift in Sources */ = {isa = PBXBuildFile; fileRef = D14B5F292199B75D006F387E /* BorderedButton.swift */; };
		D171DE48219DA2C4003134DD /* Assets.xcassets in Resources */ = {isa = PBXBuildFile; fileRef = D171DE47219DA2C4003134DD /* Assets.xcassets */; };
		D171DE4C219DA3CE003134DD /* SF-Pro-Display-Regular.otf in Resources */ = {isa = PBXBuildFile; fileRef = D171DE4B219DA3CE003134DD /* SF-Pro-Display-Regular.otf */; };
		D171DE4E219DAAD4003134DD /* GradientView.swift in Sources */ = {isa = PBXBuildFile; fileRef = D171DE4D219DAAD4003134DD /* GradientView.swift */; };
		D171DE50219DB702003134DD /* TermsOfServiceViewController.swift in Sources */ = {isa = PBXBuildFile; fileRef = D171DE4F219DB702003134DD /* TermsOfServiceViewController.swift */; };
		D171DE52219DD0B3003134DD /* MnemonicsViewController.swift in Sources */ = {isa = PBXBuildFile; fileRef = D171DE51219DD0B3003134DD /* MnemonicsViewController.swift */; };
		D171DE54219DE3A5003134DD /* MnemonicsVerificationViewController.swift in Sources */ = {isa = PBXBuildFile; fileRef = D171DE53219DE3A5003134DD /* MnemonicsVerificationViewController.swift */; };
		D171DE58219F21FD003134DD /* BorderlessNavigationBar.swift in Sources */ = {isa = PBXBuildFile; fileRef = D171DE57219F21FD003134DD /* BorderlessNavigationBar.swift */; };
		D1958B03219B3AEF00113CAA /* KeyboardScrollableView.swift in Sources */ = {isa = PBXBuildFile; fileRef = D1958B02219B3AEF00113CAA /* KeyboardScrollableView.swift */; };
		D1958B05219B417100113CAA /* KeyboardInputScrollView.swift in Sources */ = {isa = PBXBuildFile; fileRef = D1958B04219B417100113CAA /* KeyboardInputScrollView.swift */; };
		D1A16BBC219A2077008AEAD4 /* Registration.storyboard in Resources */ = {isa = PBXBuildFile; fileRef = D1A16BBB219A2077008AEAD4 /* Registration.storyboard */; };
		D1AE725A21A2C33700CA1C17 /* CustomInsetsTextView.swift in Sources */ = {isa = PBXBuildFile; fileRef = D1AE725921A2C33700CA1C17 /* CustomInsetsTextView.swift */; };
		D1B2D3D521A573EC0095A17F /* AppStoryboard.swift in Sources */ = {isa = PBXBuildFile; fileRef = D1B2D3D421A573EC0095A17F /* AppStoryboard.swift */; };
		D1B99EFA2194B41200AAA97F /* RegistrationViewController.swift in Sources */ = {isa = PBXBuildFile; fileRef = D1B99EF92194B41200AAA97F /* RegistrationViewController.swift */; };
/* End PBXBuildFile section */

/* Begin PBXContainerItemProxy section */
		922CA4A421945F2100FE66F1 /* PBXContainerItemProxy */ = {
			isa = PBXContainerItemProxy;
			containerPortal = 922CA48521945F1F00FE66F1 /* Project object */;
			proxyType = 1;
			remoteGlobalIDString = 922CA48C21945F1F00FE66F1;
			remoteInfo = Tesseract;
		};
		922CA4AF21945F2100FE66F1 /* PBXContainerItemProxy */ = {
			isa = PBXContainerItemProxy;
			containerPortal = 922CA48521945F1F00FE66F1 /* Project object */;
			proxyType = 1;
			remoteGlobalIDString = 922CA48C21945F1F00FE66F1;
			remoteInfo = Tesseract;
		};
/* End PBXContainerItemProxy section */

/* Begin PBXFileReference section */
		3F64CD0370B4673F8BA8AEB9 /* Pods-Tesseract.release.xcconfig */ = {isa = PBXFileReference; includeInIndex = 1; lastKnownFileType = text.xcconfig; name = "Pods-Tesseract.release.xcconfig"; path = "Pods/Target Support Files/Pods-Tesseract/Pods-Tesseract.release.xcconfig"; sourceTree = "<group>"; };
		6A29D766B309DDF470F4EBEE /* Pods_Tesseract.framework */ = {isa = PBXFileReference; explicitFileType = wrapper.framework; includeInIndex = 0; path = Pods_Tesseract.framework; sourceTree = BUILT_PRODUCTS_DIR; };
		922CA48D21945F1F00FE66F1 /* Tesseract.app */ = {isa = PBXFileReference; explicitFileType = wrapper.application; includeInIndex = 0; path = Tesseract.app; sourceTree = BUILT_PRODUCTS_DIR; };
		922CA49021945F1F00FE66F1 /* AppDelegate.swift */ = {isa = PBXFileReference; lastKnownFileType = sourcecode.swift; path = AppDelegate.swift; sourceTree = "<group>"; };
		922CA49221945F1F00FE66F1 /* FirstViewController.swift */ = {isa = PBXFileReference; lastKnownFileType = sourcecode.swift; path = FirstViewController.swift; sourceTree = "<group>"; };
		922CA49421945F1F00FE66F1 /* SecondViewController.swift */ = {isa = PBXFileReference; lastKnownFileType = sourcecode.swift; path = SecondViewController.swift; sourceTree = "<group>"; };
		922CA49721945F1F00FE66F1 /* Base */ = {isa = PBXFileReference; lastKnownFileType = file.storyboard; name = Base; path = Base.lproj/Main.storyboard; sourceTree = "<group>"; };
		922CA49C21945F2100FE66F1 /* Base */ = {isa = PBXFileReference; lastKnownFileType = file.storyboard; name = Base; path = Base.lproj/LaunchScreen.storyboard; sourceTree = "<group>"; };
		922CA49E21945F2100FE66F1 /* Info.plist */ = {isa = PBXFileReference; lastKnownFileType = text.plist.xml; path = Info.plist; sourceTree = "<group>"; };
		922CA4A321945F2100FE66F1 /* TesseractTests.xctest */ = {isa = PBXFileReference; explicitFileType = wrapper.cfbundle; includeInIndex = 0; path = TesseractTests.xctest; sourceTree = BUILT_PRODUCTS_DIR; };
		922CA4A721945F2100FE66F1 /* TesseractTests.swift */ = {isa = PBXFileReference; lastKnownFileType = sourcecode.swift; path = TesseractTests.swift; sourceTree = "<group>"; };
		922CA4A921945F2100FE66F1 /* Info.plist */ = {isa = PBXFileReference; lastKnownFileType = text.plist.xml; path = Info.plist; sourceTree = "<group>"; };
		922CA4AE21945F2100FE66F1 /* TesseractUITests.xctest */ = {isa = PBXFileReference; explicitFileType = wrapper.cfbundle; includeInIndex = 0; path = TesseractUITests.xctest; sourceTree = BUILT_PRODUCTS_DIR; };
		922CA4B221945F2100FE66F1 /* TesseractUITests.swift */ = {isa = PBXFileReference; lastKnownFileType = sourcecode.swift; path = TesseractUITests.swift; sourceTree = "<group>"; };
		922CA4B421945F2100FE66F1 /* Info.plist */ = {isa = PBXFileReference; lastKnownFileType = text.plist.xml; path = Info.plist; sourceTree = "<group>"; };
		B3D5048D197D2FB6BB12E2B7 /* Pods-Tesseract.debug.xcconfig */ = {isa = PBXFileReference; includeInIndex = 1; lastKnownFileType = text.xcconfig; name = "Pods-Tesseract.debug.xcconfig"; path = "Pods/Target Support Files/Pods-Tesseract/Pods-Tesseract.debug.xcconfig"; sourceTree = "<group>"; };
		D11A41A721A47E0300FF2620 /* KeyboardScrollViewToTop.swift */ = {isa = PBXFileReference; lastKnownFileType = sourcecode.swift; path = KeyboardScrollViewToTop.swift; sourceTree = "<group>"; };
		D122E99921A417BE004B2AA7 /* NextResponderTextView.swift */ = {isa = PBXFileReference; lastKnownFileType = sourcecode.swift; path = NextResponderTextView.swift; sourceTree = "<group>"; };
		D14B5F272199ABF5006F387E /* NextResponderTextField.swift */ = {isa = PBXFileReference; lastKnownFileType = sourcecode.swift; path = NextResponderTextField.swift; sourceTree = "<group>"; };
		D14B5F292199B75D006F387E /* BorderedButton.swift */ = {isa = PBXFileReference; lastKnownFileType = sourcecode.swift; path = BorderedButton.swift; sourceTree = "<group>"; };
		D171DE47219DA2C4003134DD /* Assets.xcassets */ = {isa = PBXFileReference; lastKnownFileType = folder.assetcatalog; path = Assets.xcassets; sourceTree = "<group>"; };
		D171DE4B219DA3CE003134DD /* SF-Pro-Display-Regular.otf */ = {isa = PBXFileReference; lastKnownFileType = file; path = "SF-Pro-Display-Regular.otf"; sourceTree = "<group>"; };
		D171DE4D219DAAD4003134DD /* GradientView.swift */ = {isa = PBXFileReference; lastKnownFileType = sourcecode.swift; path = GradientView.swift; sourceTree = "<group>"; };
		D171DE4F219DB702003134DD /* TermsOfServiceViewController.swift */ = {isa = PBXFileReference; lastKnownFileType = sourcecode.swift; path = TermsOfServiceViewController.swift; sourceTree = "<group>"; };
		D171DE51219DD0B3003134DD /* MnemonicsViewController.swift */ = {isa = PBXFileReference; lastKnownFileType = sourcecode.swift; path = MnemonicsViewController.swift; sourceTree = "<group>"; };
		D171DE53219DE3A5003134DD /* MnemonicsVerificationViewController.swift */ = {isa = PBXFileReference; lastKnownFileType = sourcecode.swift; path = MnemonicsVerificationViewController.swift; sourceTree = "<group>"; };
		D171DE57219F21FD003134DD /* BorderlessNavigationBar.swift */ = {isa = PBXFileReference; lastKnownFileType = sourcecode.swift; path = BorderlessNavigationBar.swift; sourceTree = "<group>"; };
		D1958B02219B3AEF00113CAA /* KeyboardScrollableView.swift */ = {isa = PBXFileReference; lastKnownFileType = sourcecode.swift; path = KeyboardScrollableView.swift; sourceTree = "<group>"; };
		D1958B04219B417100113CAA /* KeyboardInputScrollView.swift */ = {isa = PBXFileReference; lastKnownFileType = sourcecode.swift; path = KeyboardInputScrollView.swift; sourceTree = "<group>"; };
		D1A16BBB219A2077008AEAD4 /* Registration.storyboard */ = {isa = PBXFileReference; fileEncoding = 4; lastKnownFileType = file.storyboard; path = Registration.storyboard; sourceTree = "<group>"; };
		D1AE725921A2C33700CA1C17 /* CustomInsetsTextView.swift */ = {isa = PBXFileReference; lastKnownFileType = sourcecode.swift; path = CustomInsetsTextView.swift; sourceTree = "<group>"; };
		D1B2D3D421A573EC0095A17F /* AppStoryboard.swift */ = {isa = PBXFileReference; lastKnownFileType = sourcecode.swift; path = AppStoryboard.swift; sourceTree = "<group>"; };
		D1B99EF92194B41200AAA97F /* RegistrationViewController.swift */ = {isa = PBXFileReference; lastKnownFileType = sourcecode.swift; path = RegistrationViewController.swift; sourceTree = "<group>"; };
/* End PBXFileReference section */

/* Begin PBXFrameworksBuildPhase section */
		922CA48A21945F1F00FE66F1 /* Frameworks */ = {
			isa = PBXFrameworksBuildPhase;
			buildActionMask = 2147483647;
			files = (
				99CE954A9C34CCB4F6A6FE02 /* Pods_Tesseract.framework in Frameworks */,
			);
			runOnlyForDeploymentPostprocessing = 0;
		};
		922CA4A021945F2100FE66F1 /* Frameworks */ = {
			isa = PBXFrameworksBuildPhase;
			buildActionMask = 2147483647;
			files = (
			);
			runOnlyForDeploymentPostprocessing = 0;
		};
		922CA4AB21945F2100FE66F1 /* Frameworks */ = {
			isa = PBXFrameworksBuildPhase;
			buildActionMask = 2147483647;
			files = (
			);
			runOnlyForDeploymentPostprocessing = 0;
		};
/* End PBXFrameworksBuildPhase section */

/* Begin PBXGroup section */
		181B49C58549824E0C883690 /* Pods */ = {
			isa = PBXGroup;
			children = (
				B3D5048D197D2FB6BB12E2B7 /* Pods-Tesseract.debug.xcconfig */,
				3F64CD0370B4673F8BA8AEB9 /* Pods-Tesseract.release.xcconfig */,
			);
			name = Pods;
			sourceTree = "<group>";
		};
		27E43B17B34E1B43CAB7D974 /* Frameworks */ = {
			isa = PBXGroup;
			children = (
				6A29D766B309DDF470F4EBEE /* Pods_Tesseract.framework */,
			);
			name = Frameworks;
			sourceTree = "<group>";
		};
		922CA48421945F1F00FE66F1 = {
			isa = PBXGroup;
			children = (
				922CA48F21945F1F00FE66F1 /* Tesseract */,
				922CA4A621945F2100FE66F1 /* TesseractTests */,
				922CA4B121945F2100FE66F1 /* TesseractUITests */,
				922CA48E21945F1F00FE66F1 /* Products */,
				181B49C58549824E0C883690 /* Pods */,
				27E43B17B34E1B43CAB7D974 /* Frameworks */,
			);
			sourceTree = "<group>";
		};
		922CA48E21945F1F00FE66F1 /* Products */ = {
			isa = PBXGroup;
			children = (
				922CA48D21945F1F00FE66F1 /* Tesseract.app */,
				922CA4A321945F2100FE66F1 /* TesseractTests.xctest */,
				922CA4AE21945F2100FE66F1 /* TesseractUITests.xctest */,
			);
			name = Products;
			sourceTree = "<group>";
		};
		922CA48F21945F1F00FE66F1 /* Tesseract */ = {
			isa = PBXGroup;
			children = (
				D1AE725821A2C28000CA1C17 /* UIHelpers */,
				D171DE49219DA36A003134DD /* Resources */,
				D1A16BBB219A2077008AEAD4 /* Registration.storyboard */,
				D171DE51219DD0B3003134DD /* MnemonicsViewController.swift */,
				D171DE4F219DB702003134DD /* TermsOfServiceViewController.swift */,
				922CA49021945F1F00FE66F1 /* AppDelegate.swift */,
				922CA49221945F1F00FE66F1 /* FirstViewController.swift */,
				922CA49421945F1F00FE66F1 /* SecondViewController.swift */,
				922CA49621945F1F00FE66F1 /* Main.storyboard */,
				922CA49B21945F2100FE66F1 /* LaunchScreen.storyboard */,
				922CA49E21945F2100FE66F1 /* Info.plist */,
				D1B99EF92194B41200AAA97F /* RegistrationViewController.swift */,
				D171DE53219DE3A5003134DD /* MnemonicsVerificationViewController.swift */,
				D1B2D3D421A573EC0095A17F /* AppStoryboard.swift */,
			);
			path = Tesseract;
			sourceTree = "<group>";
		};
		922CA4A621945F2100FE66F1 /* TesseractTests */ = {
			isa = PBXGroup;
			children = (
				922CA4A721945F2100FE66F1 /* TesseractTests.swift */,
				922CA4A921945F2100FE66F1 /* Info.plist */,
			);
			path = TesseractTests;
			sourceTree = "<group>";
		};
		922CA4B121945F2100FE66F1 /* TesseractUITests */ = {
			isa = PBXGroup;
			children = (
				922CA4B221945F2100FE66F1 /* TesseractUITests.swift */,
				922CA4B421945F2100FE66F1 /* Info.plist */,
			);
			path = TesseractUITests;
			sourceTree = "<group>";
		};
		D171DE49219DA36A003134DD /* Resources */ = {
			isa = PBXGroup;
			children = (
				D171DE4A219DA37E003134DD /* fonts */,
				D171DE47219DA2C4003134DD /* Assets.xcassets */,
			);
			path = Resources;
			sourceTree = "<group>";
		};
		D171DE4A219DA37E003134DD /* fonts */ = {
			isa = PBXGroup;
			children = (
				D171DE4B219DA3CE003134DD /* SF-Pro-Display-Regular.otf */,
			);
			path = fonts;
			sourceTree = "<group>";
		};
		D1AE725821A2C28000CA1C17 /* UIHelpers */ = {
			isa = PBXGroup;
			children = (
				D171DE57219F21FD003134DD /* BorderlessNavigationBar.swift */,
				D14B5F272199ABF5006F387E /* NextResponderTextField.swift */,
				D1958B02219B3AEF00113CAA /* KeyboardScrollableView.swift */,
				D1958B04219B417100113CAA /* KeyboardInputScrollView.swift */,
				D14B5F292199B75D006F387E /* BorderedButton.swift */,
				D171DE4D219DAAD4003134DD /* GradientView.swift */,
				D1AE725921A2C33700CA1C17 /* CustomInsetsTextView.swift */,
				D122E99921A417BE004B2AA7 /* NextResponderTextView.swift */,
				D11A41A721A47E0300FF2620 /* KeyboardScrollViewToTop.swift */,
			);
			path = UIHelpers;
			sourceTree = "<group>";
		};
/* End PBXGroup section */

/* Begin PBXNativeTarget section */
		922CA48C21945F1F00FE66F1 /* Tesseract */ = {
			isa = PBXNativeTarget;
			buildConfigurationList = 922CA4B721945F2100FE66F1 /* Build configuration list for PBXNativeTarget "Tesseract" */;
			buildPhases = (
				86E796CE5EF73E55D2179B68 /* [CP] Check Pods Manifest.lock */,
				922CA48921945F1F00FE66F1 /* Sources */,
				922CA48A21945F1F00FE66F1 /* Frameworks */,
				922CA48B21945F1F00FE66F1 /* Resources */,
				E2177A8CF2D417B4B29CD666 /* [CP] Embed Pods Frameworks */,
			);
			buildRules = (
			);
			dependencies = (
			);
			name = Tesseract;
			productName = Tesseract;
			productReference = 922CA48D21945F1F00FE66F1 /* Tesseract.app */;
			productType = "com.apple.product-type.application";
		};
		922CA4A221945F2100FE66F1 /* TesseractTests */ = {
			isa = PBXNativeTarget;
			buildConfigurationList = 922CA4BA21945F2100FE66F1 /* Build configuration list for PBXNativeTarget "TesseractTests" */;
			buildPhases = (
				922CA49F21945F2100FE66F1 /* Sources */,
				922CA4A021945F2100FE66F1 /* Frameworks */,
				922CA4A121945F2100FE66F1 /* Resources */,
			);
			buildRules = (
			);
			dependencies = (
				922CA4A521945F2100FE66F1 /* PBXTargetDependency */,
			);
			name = TesseractTests;
			productName = TesseractTests;
			productReference = 922CA4A321945F2100FE66F1 /* TesseractTests.xctest */;
			productType = "com.apple.product-type.bundle.unit-test";
		};
		922CA4AD21945F2100FE66F1 /* TesseractUITests */ = {
			isa = PBXNativeTarget;
			buildConfigurationList = 922CA4BD21945F2100FE66F1 /* Build configuration list for PBXNativeTarget "TesseractUITests" */;
			buildPhases = (
				922CA4AA21945F2100FE66F1 /* Sources */,
				922CA4AB21945F2100FE66F1 /* Frameworks */,
				922CA4AC21945F2100FE66F1 /* Resources */,
			);
			buildRules = (
			);
			dependencies = (
				922CA4B021945F2100FE66F1 /* PBXTargetDependency */,
			);
			name = TesseractUITests;
			productName = TesseractUITests;
			productReference = 922CA4AE21945F2100FE66F1 /* TesseractUITests.xctest */;
			productType = "com.apple.product-type.bundle.ui-testing";
		};
/* End PBXNativeTarget section */

/* Begin PBXProject section */
		922CA48521945F1F00FE66F1 /* Project object */ = {
			isa = PBXProject;
			attributes = {
				LastSwiftUpdateCheck = 1010;
				LastUpgradeCheck = 1010;
				ORGANIZATIONNAME = "Crossroad Labs s.r.o";
				TargetAttributes = {
					922CA48C21945F1F00FE66F1 = {
						CreatedOnToolsVersion = 10.1;
					};
					922CA4A221945F2100FE66F1 = {
						CreatedOnToolsVersion = 10.1;
						TestTargetID = 922CA48C21945F1F00FE66F1;
					};
					922CA4AD21945F2100FE66F1 = {
						CreatedOnToolsVersion = 10.1;
						TestTargetID = 922CA48C21945F1F00FE66F1;
					};
				};
			};
			buildConfigurationList = 922CA48821945F1F00FE66F1 /* Build configuration list for PBXProject "Tesseract" */;
			compatibilityVersion = "Xcode 9.3";
			developmentRegion = en;
			hasScannedForEncodings = 0;
			knownRegions = (
				en,
				Base,
			);
			mainGroup = 922CA48421945F1F00FE66F1;
			productRefGroup = 922CA48E21945F1F00FE66F1 /* Products */;
			projectDirPath = "";
			projectRoot = "";
			targets = (
				922CA48C21945F1F00FE66F1 /* Tesseract */,
				922CA4A221945F2100FE66F1 /* TesseractTests */,
				922CA4AD21945F2100FE66F1 /* TesseractUITests */,
			);
		};
/* End PBXProject section */

/* Begin PBXResourcesBuildPhase section */
		922CA48B21945F1F00FE66F1 /* Resources */ = {
			isa = PBXResourcesBuildPhase;
			buildActionMask = 2147483647;
			files = (
				922CA49D21945F2100FE66F1 /* LaunchScreen.storyboard in Resources */,
				D1A16BBC219A2077008AEAD4 /* Registration.storyboard in Resources */,
				D171DE48219DA2C4003134DD /* Assets.xcassets in Resources */,
				D171DE4C219DA3CE003134DD /* SF-Pro-Display-Regular.otf in Resources */,
				922CA49821945F1F00FE66F1 /* Main.storyboard in Resources */,
			);
			runOnlyForDeploymentPostprocessing = 0;
		};
		922CA4A121945F2100FE66F1 /* Resources */ = {
			isa = PBXResourcesBuildPhase;
			buildActionMask = 2147483647;
			files = (
			);
			runOnlyForDeploymentPostprocessing = 0;
		};
		922CA4AC21945F2100FE66F1 /* Resources */ = {
			isa = PBXResourcesBuildPhase;
			buildActionMask = 2147483647;
			files = (
			);
			runOnlyForDeploymentPostprocessing = 0;
		};
/* End PBXResourcesBuildPhase section */

/* Begin PBXShellScriptBuildPhase section */
		86E796CE5EF73E55D2179B68 /* [CP] Check Pods Manifest.lock */ = {
			isa = PBXShellScriptBuildPhase;
			buildActionMask = 2147483647;
			files = (
			);
			inputFileListPaths = (
			);
			inputPaths = (
				"${PODS_PODFILE_DIR_PATH}/Podfile.lock",
				"${PODS_ROOT}/Manifest.lock",
			);
			name = "[CP] Check Pods Manifest.lock";
			outputFileListPaths = (
			);
			outputPaths = (
				"$(DERIVED_FILE_DIR)/Pods-Tesseract-checkManifestLockResult.txt",
			);
			runOnlyForDeploymentPostprocessing = 0;
			shellPath = /bin/sh;
			shellScript = "diff \"${PODS_PODFILE_DIR_PATH}/Podfile.lock\" \"${PODS_ROOT}/Manifest.lock\" > /dev/null\nif [ $? != 0 ] ; then\n    # print error to STDERR\n    echo \"error: The sandbox is not in sync with the Podfile.lock. Run 'pod install' or update your CocoaPods installation.\" >&2\n    exit 1\nfi\n# This output is used by Xcode 'outputs' to avoid re-running this script phase.\necho \"SUCCESS\" > \"${SCRIPT_OUTPUT_FILE_0}\"\n";
			showEnvVarsInLog = 0;
		};
		E2177A8CF2D417B4B29CD666 /* [CP] Embed Pods Frameworks */ = {
			isa = PBXShellScriptBuildPhase;
			buildActionMask = 2147483647;
			files = (
			);
			inputFileListPaths = (
			);
			inputPaths = (
				"${SRCROOT}/Pods/Target Support Files/Pods-Tesseract/Pods-Tesseract-frameworks.sh",
				"${BUILT_PRODUCTS_DIR}/Material/Material.framework",
				"${BUILT_PRODUCTS_DIR}/Motion/Motion.framework",
			);
			name = "[CP] Embed Pods Frameworks";
			outputFileListPaths = (
			);
			outputPaths = (
				"${TARGET_BUILD_DIR}/${FRAMEWORKS_FOLDER_PATH}/Material.framework",
				"${TARGET_BUILD_DIR}/${FRAMEWORKS_FOLDER_PATH}/Motion.framework",
			);
			runOnlyForDeploymentPostprocessing = 0;
			shellPath = /bin/sh;
			shellScript = "\"${SRCROOT}/Pods/Target Support Files/Pods-Tesseract/Pods-Tesseract-frameworks.sh\"\n";
			showEnvVarsInLog = 0;
		};
/* End PBXShellScriptBuildPhase section */

/* Begin PBXSourcesBuildPhase section */
		922CA48921945F1F00FE66F1 /* Sources */ = {
			isa = PBXSourcesBuildPhase;
			buildActionMask = 2147483647;
			files = (
				922CA49521945F1F00FE66F1 /* SecondViewController.swift in Sources */,
				D14B5F282199ABF5006F387E /* NextResponderTextField.swift in Sources */,
				D1958B03219B3AEF00113CAA /* KeyboardScrollableView.swift in Sources */,
				D1AE725A21A2C33700CA1C17 /* CustomInsetsTextView.swift in Sources */,
				D171DE54219DE3A5003134DD /* MnemonicsVerificationViewController.swift in Sources */,
				D171DE52219DD0B3003134DD /* MnemonicsViewController.swift in Sources */,
				D1B2D3D521A573EC0095A17F /* AppStoryboard.swift in Sources */,
				D1958B05219B417100113CAA /* KeyboardInputScrollView.swift in Sources */,
				D14B5F2A2199B75D006F387E /* BorderedButton.swift in Sources */,
				922CA49121945F1F00FE66F1 /* AppDelegate.swift in Sources */,
				D122E99A21A417BE004B2AA7 /* NextResponderTextView.swift in Sources */,
				D1B99EFA2194B41200AAA97F /* RegistrationViewController.swift in Sources */,
				922CA49321945F1F00FE66F1 /* FirstViewController.swift in Sources */,
				D171DE58219F21FD003134DD /* BorderlessNavigationBar.swift in Sources */,
				D11A41A821A47E0300FF2620 /* KeyboardScrollViewToTop.swift in Sources */,
				D171DE4E219DAAD4003134DD /* GradientView.swift in Sources */,
				D171DE50219DB702003134DD /* TermsOfServiceViewController.swift in Sources */,
			);
			runOnlyForDeploymentPostprocessing = 0;
		};
		922CA49F21945F2100FE66F1 /* Sources */ = {
			isa = PBXSourcesBuildPhase;
			buildActionMask = 2147483647;
			files = (
				922CA4A821945F2100FE66F1 /* TesseractTests.swift in Sources */,
			);
			runOnlyForDeploymentPostprocessing = 0;
		};
		922CA4AA21945F2100FE66F1 /* Sources */ = {
			isa = PBXSourcesBuildPhase;
			buildActionMask = 2147483647;
			files = (
				922CA4B321945F2100FE66F1 /* TesseractUITests.swift in Sources */,
			);
			runOnlyForDeploymentPostprocessing = 0;
		};
/* End PBXSourcesBuildPhase section */

/* Begin PBXTargetDependency section */
		922CA4A521945F2100FE66F1 /* PBXTargetDependency */ = {
			isa = PBXTargetDependency;
			target = 922CA48C21945F1F00FE66F1 /* Tesseract */;
			targetProxy = 922CA4A421945F2100FE66F1 /* PBXContainerItemProxy */;
		};
		922CA4B021945F2100FE66F1 /* PBXTargetDependency */ = {
			isa = PBXTargetDependency;
			target = 922CA48C21945F1F00FE66F1 /* Tesseract */;
			targetProxy = 922CA4AF21945F2100FE66F1 /* PBXContainerItemProxy */;
		};
/* End PBXTargetDependency section */

/* Begin PBXVariantGroup section */
		922CA49621945F1F00FE66F1 /* Main.storyboard */ = {
			isa = PBXVariantGroup;
			children = (
				922CA49721945F1F00FE66F1 /* Base */,
			);
			name = Main.storyboard;
			sourceTree = "<group>";
		};
		922CA49B21945F2100FE66F1 /* LaunchScreen.storyboard */ = {
			isa = PBXVariantGroup;
			children = (
				922CA49C21945F2100FE66F1 /* Base */,
			);
			name = LaunchScreen.storyboard;
			sourceTree = "<group>";
		};
/* End PBXVariantGroup section */

/* Begin XCBuildConfiguration section */
		922CA4B521945F2100FE66F1 /* Debug */ = {
			isa = XCBuildConfiguration;
			buildSettings = {
				ALWAYS_SEARCH_USER_PATHS = NO;
				CLANG_ANALYZER_NONNULL = YES;
				CLANG_ANALYZER_NUMBER_OBJECT_CONVERSION = YES_AGGRESSIVE;
				CLANG_CXX_LANGUAGE_STANDARD = "gnu++14";
				CLANG_CXX_LIBRARY = "libc++";
				CLANG_ENABLE_MODULES = YES;
				CLANG_ENABLE_OBJC_ARC = YES;
				CLANG_ENABLE_OBJC_WEAK = YES;
				CLANG_WARN_BLOCK_CAPTURE_AUTORELEASING = YES;
				CLANG_WARN_BOOL_CONVERSION = YES;
				CLANG_WARN_COMMA = YES;
				CLANG_WARN_CONSTANT_CONVERSION = YES;
				CLANG_WARN_DEPRECATED_OBJC_IMPLEMENTATIONS = YES;
				CLANG_WARN_DIRECT_OBJC_ISA_USAGE = YES_ERROR;
				CLANG_WARN_DOCUMENTATION_COMMENTS = YES;
				CLANG_WARN_EMPTY_BODY = YES;
				CLANG_WARN_ENUM_CONVERSION = YES;
				CLANG_WARN_INFINITE_RECURSION = YES;
				CLANG_WARN_INT_CONVERSION = YES;
				CLANG_WARN_NON_LITERAL_NULL_CONVERSION = YES;
				CLANG_WARN_OBJC_IMPLICIT_RETAIN_SELF = YES;
				CLANG_WARN_OBJC_LITERAL_CONVERSION = YES;
				CLANG_WARN_OBJC_ROOT_CLASS = YES_ERROR;
				CLANG_WARN_RANGE_LOOP_ANALYSIS = YES;
				CLANG_WARN_STRICT_PROTOTYPES = YES;
				CLANG_WARN_SUSPICIOUS_MOVE = YES;
				CLANG_WARN_UNGUARDED_AVAILABILITY = YES_AGGRESSIVE;
				CLANG_WARN_UNREACHABLE_CODE = YES;
				CLANG_WARN__DUPLICATE_METHOD_MATCH = YES;
				CODE_SIGN_IDENTITY = "iPhone Developer";
				COPY_PHASE_STRIP = NO;
				DEBUG_INFORMATION_FORMAT = dwarf;
				ENABLE_STRICT_OBJC_MSGSEND = YES;
				ENABLE_TESTABILITY = YES;
				GCC_C_LANGUAGE_STANDARD = gnu11;
				GCC_DYNAMIC_NO_PIC = NO;
				GCC_NO_COMMON_BLOCKS = YES;
				GCC_OPTIMIZATION_LEVEL = 0;
				GCC_PREPROCESSOR_DEFINITIONS = (
					"DEBUG=1",
					"$(inherited)",
				);
				GCC_WARN_64_TO_32_BIT_CONVERSION = YES;
				GCC_WARN_ABOUT_RETURN_TYPE = YES_ERROR;
				GCC_WARN_UNDECLARED_SELECTOR = YES;
				GCC_WARN_UNINITIALIZED_AUTOS = YES_AGGRESSIVE;
				GCC_WARN_UNUSED_FUNCTION = YES;
				GCC_WARN_UNUSED_VARIABLE = YES;
				IPHONEOS_DEPLOYMENT_TARGET = 12.0;
				MTL_ENABLE_DEBUG_INFO = INCLUDE_SOURCE;
				MTL_FAST_MATH = YES;
				ONLY_ACTIVE_ARCH = YES;
				SDKROOT = iphoneos;
				SWIFT_ACTIVE_COMPILATION_CONDITIONS = DEBUG;
				SWIFT_OPTIMIZATION_LEVEL = "-Onone";
			};
			name = Debug;
		};
		922CA4B621945F2100FE66F1 /* Release */ = {
			isa = XCBuildConfiguration;
			buildSettings = {
				ALWAYS_SEARCH_USER_PATHS = NO;
				CLANG_ANALYZER_NONNULL = YES;
				CLANG_ANALYZER_NUMBER_OBJECT_CONVERSION = YES_AGGRESSIVE;
				CLANG_CXX_LANGUAGE_STANDARD = "gnu++14";
				CLANG_CXX_LIBRARY = "libc++";
				CLANG_ENABLE_MODULES = YES;
				CLANG_ENABLE_OBJC_ARC = YES;
				CLANG_ENABLE_OBJC_WEAK = YES;
				CLANG_WARN_BLOCK_CAPTURE_AUTORELEASING = YES;
				CLANG_WARN_BOOL_CONVERSION = YES;
				CLANG_WARN_COMMA = YES;
				CLANG_WARN_CONSTANT_CONVERSION = YES;
				CLANG_WARN_DEPRECATED_OBJC_IMPLEMENTATIONS = YES;
				CLANG_WARN_DIRECT_OBJC_ISA_USAGE = YES_ERROR;
				CLANG_WARN_DOCUMENTATION_COMMENTS = YES;
				CLANG_WARN_EMPTY_BODY = YES;
				CLANG_WARN_ENUM_CONVERSION = YES;
				CLANG_WARN_INFINITE_RECURSION = YES;
				CLANG_WARN_INT_CONVERSION = YES;
				CLANG_WARN_NON_LITERAL_NULL_CONVERSION = YES;
				CLANG_WARN_OBJC_IMPLICIT_RETAIN_SELF = YES;
				CLANG_WARN_OBJC_LITERAL_CONVERSION = YES;
				CLANG_WARN_OBJC_ROOT_CLASS = YES_ERROR;
				CLANG_WARN_RANGE_LOOP_ANALYSIS = YES;
				CLANG_WARN_STRICT_PROTOTYPES = YES;
				CLANG_WARN_SUSPICIOUS_MOVE = YES;
				CLANG_WARN_UNGUARDED_AVAILABILITY = YES_AGGRESSIVE;
				CLANG_WARN_UNREACHABLE_CODE = YES;
				CLANG_WARN__DUPLICATE_METHOD_MATCH = YES;
				CODE_SIGN_IDENTITY = "iPhone Developer";
				COPY_PHASE_STRIP = NO;
				DEBUG_INFORMATION_FORMAT = "dwarf-with-dsym";
				ENABLE_NS_ASSERTIONS = NO;
				ENABLE_STRICT_OBJC_MSGSEND = YES;
				GCC_C_LANGUAGE_STANDARD = gnu11;
				GCC_NO_COMMON_BLOCKS = YES;
				GCC_WARN_64_TO_32_BIT_CONVERSION = YES;
				GCC_WARN_ABOUT_RETURN_TYPE = YES_ERROR;
				GCC_WARN_UNDECLARED_SELECTOR = YES;
				GCC_WARN_UNINITIALIZED_AUTOS = YES_AGGRESSIVE;
				GCC_WARN_UNUSED_FUNCTION = YES;
				GCC_WARN_UNUSED_VARIABLE = YES;
				IPHONEOS_DEPLOYMENT_TARGET = 12.0;
				MTL_ENABLE_DEBUG_INFO = NO;
				MTL_FAST_MATH = YES;
				SDKROOT = iphoneos;
				SWIFT_COMPILATION_MODE = wholemodule;
				SWIFT_OPTIMIZATION_LEVEL = "-O";
				VALIDATE_PRODUCT = YES;
			};
			name = Release;
		};
		922CA4B821945F2100FE66F1 /* Debug */ = {
			isa = XCBuildConfiguration;
			baseConfigurationReference = B3D5048D197D2FB6BB12E2B7 /* Pods-Tesseract.debug.xcconfig */;
			buildSettings = {
				CODE_SIGN_STYLE = Automatic;
				DEVELOPMENT_TEAM = Y92JL37YF3;
				INFOPLIST_FILE = Tesseract/Info.plist;
				IPHONEOS_DEPLOYMENT_TARGET = 12.1;
				LD_RUNPATH_SEARCH_PATHS = (
					"$(inherited)",
					"@executable_path/Frameworks",
				);
				PRODUCT_BUNDLE_IDENTIFIER = xyz.crossroadlabs.Tesseract;
				PRODUCT_NAME = "$(TARGET_NAME)";
				SWIFT_VERSION = 4.2;
				TARGETED_DEVICE_FAMILY = "1,2";
			};
			name = Debug;
		};
		922CA4B921945F2100FE66F1 /* Release */ = {
			isa = XCBuildConfiguration;
			baseConfigurationReference = 3F64CD0370B4673F8BA8AEB9 /* Pods-Tesseract.release.xcconfig */;
			buildSettings = {
				CODE_SIGN_STYLE = Automatic;
				DEVELOPMENT_TEAM = Y92JL37YF3;
				INFOPLIST_FILE = Tesseract/Info.plist;
				IPHONEOS_DEPLOYMENT_TARGET = 12.1;
				LD_RUNPATH_SEARCH_PATHS = (
					"$(inherited)",
					"@executable_path/Frameworks",
				);
				PRODUCT_BUNDLE_IDENTIFIER = xyz.crossroadlabs.Tesseract;
				PRODUCT_NAME = "$(TARGET_NAME)";
				SWIFT_VERSION = 4.2;
				TARGETED_DEVICE_FAMILY = "1,2";
			};
			name = Release;
		};
		922CA4BB21945F2100FE66F1 /* Debug */ = {
			isa = XCBuildConfiguration;
			buildSettings = {
				ALWAYS_EMBED_SWIFT_STANDARD_LIBRARIES = YES;
				BUNDLE_LOADER = "$(TEST_HOST)";
				CODE_SIGN_STYLE = Automatic;
				DEVELOPMENT_TEAM = Y92JL37YF3;
				INFOPLIST_FILE = TesseractTests/Info.plist;
				LD_RUNPATH_SEARCH_PATHS = (
					"$(inherited)",
					"@executable_path/Frameworks",
					"@loader_path/Frameworks",
				);
				PRODUCT_BUNDLE_IDENTIFIER = xyz.crossroadlabs.TesseractTests;
				PRODUCT_NAME = "$(TARGET_NAME)";
				SWIFT_VERSION = 4.2;
				TARGETED_DEVICE_FAMILY = "1,2";
				TEST_HOST = "$(BUILT_PRODUCTS_DIR)/Tesseract.app/Tesseract";
			};
			name = Debug;
		};
		922CA4BC21945F2100FE66F1 /* Release */ = {
			isa = XCBuildConfiguration;
			buildSettings = {
				ALWAYS_EMBED_SWIFT_STANDARD_LIBRARIES = YES;
				BUNDLE_LOADER = "$(TEST_HOST)";
				CODE_SIGN_STYLE = Automatic;
				DEVELOPMENT_TEAM = Y92JL37YF3;
				INFOPLIST_FILE = TesseractTests/Info.plist;
				LD_RUNPATH_SEARCH_PATHS = (
					"$(inherited)",
					"@executable_path/Frameworks",
					"@loader_path/Frameworks",
				);
				PRODUCT_BUNDLE_IDENTIFIER = xyz.crossroadlabs.TesseractTests;
				PRODUCT_NAME = "$(TARGET_NAME)";
				SWIFT_VERSION = 4.2;
				TARGETED_DEVICE_FAMILY = "1,2";
				TEST_HOST = "$(BUILT_PRODUCTS_DIR)/Tesseract.app/Tesseract";
			};
			name = Release;
		};
		922CA4BE21945F2100FE66F1 /* Debug */ = {
			isa = XCBuildConfiguration;
			buildSettings = {
				ALWAYS_EMBED_SWIFT_STANDARD_LIBRARIES = YES;
				CODE_SIGN_STYLE = Automatic;
				DEVELOPMENT_TEAM = Y92JL37YF3;
				INFOPLIST_FILE = TesseractUITests/Info.plist;
				LD_RUNPATH_SEARCH_PATHS = (
					"$(inherited)",
					"@executable_path/Frameworks",
					"@loader_path/Frameworks",
				);
				PRODUCT_BUNDLE_IDENTIFIER = xyz.crossroadlabs.TesseractUITests;
				PRODUCT_NAME = "$(TARGET_NAME)";
				SWIFT_VERSION = 4.2;
				TARGETED_DEVICE_FAMILY = "1,2";
				TEST_TARGET_NAME = Tesseract;
			};
			name = Debug;
		};
		922CA4BF21945F2100FE66F1 /* Release */ = {
			isa = XCBuildConfiguration;
			buildSettings = {
				ALWAYS_EMBED_SWIFT_STANDARD_LIBRARIES = YES;
				CODE_SIGN_STYLE = Automatic;
				DEVELOPMENT_TEAM = Y92JL37YF3;
				INFOPLIST_FILE = TesseractUITests/Info.plist;
				LD_RUNPATH_SEARCH_PATHS = (
					"$(inherited)",
					"@executable_path/Frameworks",
					"@loader_path/Frameworks",
				);
				PRODUCT_BUNDLE_IDENTIFIER = xyz.crossroadlabs.TesseractUITests;
				PRODUCT_NAME = "$(TARGET_NAME)";
				SWIFT_VERSION = 4.2;
				TARGETED_DEVICE_FAMILY = "1,2";
				TEST_TARGET_NAME = Tesseract;
			};
			name = Release;
		};
/* End XCBuildConfiguration section */

/* Begin XCConfigurationList section */
		922CA48821945F1F00FE66F1 /* Build configuration list for PBXProject "Tesseract" */ = {
			isa = XCConfigurationList;
			buildConfigurations = (
				922CA4B521945F2100FE66F1 /* Debug */,
				922CA4B621945F2100FE66F1 /* Release */,
			);
			defaultConfigurationIsVisible = 0;
			defaultConfigurationName = Release;
		};
		922CA4B721945F2100FE66F1 /* Build configuration list for PBXNativeTarget "Tesseract" */ = {
			isa = XCConfigurationList;
			buildConfigurations = (
				922CA4B821945F2100FE66F1 /* Debug */,
				922CA4B921945F2100FE66F1 /* Release */,
			);
			defaultConfigurationIsVisible = 0;
			defaultConfigurationName = Release;
		};
		922CA4BA21945F2100FE66F1 /* Build configuration list for PBXNativeTarget "TesseractTests" */ = {
			isa = XCConfigurationList;
			buildConfigurations = (
				922CA4BB21945F2100FE66F1 /* Debug */,
				922CA4BC21945F2100FE66F1 /* Release */,
			);
			defaultConfigurationIsVisible = 0;
			defaultConfigurationName = Release;
		};
		922CA4BD21945F2100FE66F1 /* Build configuration list for PBXNativeTarget "TesseractUITests" */ = {
			isa = XCConfigurationList;
			buildConfigurations = (
				922CA4BE21945F2100FE66F1 /* Debug */,
				922CA4BF21945F2100FE66F1 /* Release */,
			);
			defaultConfigurationIsVisible = 0;
			defaultConfigurationName = Release;
		};
/* End XCConfigurationList section */
	};
	rootObject = 922CA48521945F1F00FE66F1 /* Project object */;
}
